
Microsoft Visual Studio Solution File, Format Version 12.00
# Visual Studio Version 17
VisualStudioVersion = 17.0.31903.59
MinimumVisualStudioVersion = 10.0.40219.1
Project("{2150E333-8FDC-42A3-9474-1A3956D46DE8}") = "src", "src", "{FAE1A0BC-0F55-494F-BBC7-D3A42A2B3AE9}"
EndProject
Project("{FAE04EC0-301F-11D3-BF4B-00C04F79EFBC}") = "AuctionService", "src\AuctionService\AuctionService.csproj", "{0DAB7706-E9FF-44B5-9B62-F805C44224CE}"
EndProject
Project("{FAE04EC0-301F-11D3-BF4B-00C04F79EFBC}") = "SearchService", "src\SearchService\SearchService.csproj", "{93CCFE7B-E06E-4340-AFB4-51868A7B2F86}"
EndProject
Project("{FAE04EC0-301F-11D3-BF4B-00C04F79EFBC}") = "Contracts", "src\Contracts\Contracts.csproj", "{FB044D27-EC2D-4867-AE4B-2CF9858158E3}"
EndProject
Project("{FAE04EC0-301F-11D3-BF4B-00C04F79EFBC}") = "IdentityService", "src\IdentityService\IdentityService.csproj", "{88408559-B2BF-494A-999F-988C4C96C71D}"
EndProject
Project("{FAE04EC0-301F-11D3-BF4B-00C04F79EFBC}") = "GatewayService", "src\GatewayService\GatewayService.csproj", "{D1A314EB-6D75-4973-971F-57A70E6F604D}"
EndProject
Project("{FAE04EC0-301F-11D3-BF4B-00C04F79EFBC}") = "BiddingService", "src\BiddingService\BiddingService.csproj", "{8318FFE6-CFF1-4A6C-9EF4-73AB66C9CC19}"
EndProject
Project("{FAE04EC0-301F-11D3-BF4B-00C04F79EFBC}") = "NotificationService", "src\NotificationService\NotificationService.csproj", "{8A3B1C08-3B63-43D9-B804-F17671AF9B2F}"
EndProject
Project("{2150E333-8FDC-42A3-9474-1A3956D46DE8}") = "tests", "tests", "{3A849F85-E343-4B49-88C4-BB0DF48E97C4}"
EndProject
Project("{FAE04EC0-301F-11D3-BF4B-00C04F79EFBC}") = "AuctionService.UnitTests", "tests\AuctionService.UnitTests\AuctionService.UnitTests.csproj", "{7334CEE7-22F1-4344-8DF0-3C66BDA598C2}"
EndProject
Global
	GlobalSection(SolutionConfigurationPlatforms) = preSolution
		Debug|Any CPU = Debug|Any CPU
		Release|Any CPU = Release|Any CPU
	EndGlobalSection
	GlobalSection(SolutionProperties) = preSolution
		HideSolutionNode = FALSE
	EndGlobalSection
	GlobalSection(ProjectConfigurationPlatforms) = postSolution
		{0DAB7706-E9FF-44B5-9B62-F805C44224CE}.Debug|Any CPU.ActiveCfg = Debug|Any CPU
		{0DAB7706-E9FF-44B5-9B62-F805C44224CE}.Debug|Any CPU.Build.0 = Debug|Any CPU
		{0DAB7706-E9FF-44B5-9B62-F805C44224CE}.Release|Any CPU.ActiveCfg = Release|Any CPU
		{0DAB7706-E9FF-44B5-9B62-F805C44224CE}.Release|Any CPU.Build.0 = Release|Any CPU
		{93CCFE7B-E06E-4340-AFB4-51868A7B2F86}.Debug|Any CPU.ActiveCfg = Debug|Any CPU
		{93CCFE7B-E06E-4340-AFB4-51868A7B2F86}.Debug|Any CPU.Build.0 = Debug|Any CPU
		{93CCFE7B-E06E-4340-AFB4-51868A7B2F86}.Release|Any CPU.ActiveCfg = Release|Any CPU
		{93CCFE7B-E06E-4340-AFB4-51868A7B2F86}.Release|Any CPU.Build.0 = Release|Any CPU
		{FB044D27-EC2D-4867-AE4B-2CF9858158E3}.Debug|Any CPU.ActiveCfg = Debug|Any CPU
		{FB044D27-EC2D-4867-AE4B-2CF9858158E3}.Debug|Any CPU.Build.0 = Debug|Any CPU
		{FB044D27-EC2D-4867-AE4B-2CF9858158E3}.Release|Any CPU.ActiveCfg = Release|Any CPU
		{FB044D27-EC2D-4867-AE4B-2CF9858158E3}.Release|Any CPU.Build.0 = Release|Any CPU
		{88408559-B2BF-494A-999F-988C4C96C71D}.Debug|Any CPU.ActiveCfg = Debug|Any CPU
		{88408559-B2BF-494A-999F-988C4C96C71D}.Debug|Any CPU.Build.0 = Debug|Any CPU
		{88408559-B2BF-494A-999F-988C4C96C71D}.Release|Any CPU.ActiveCfg = Release|Any CPU
		{88408559-B2BF-494A-999F-988C4C96C71D}.Release|Any CPU.Build.0 = Release|Any CPU
		{D1A314EB-6D75-4973-971F-57A70E6F604D}.Debug|Any CPU.ActiveCfg = Debug|Any CPU
		{D1A314EB-6D75-4973-971F-57A70E6F604D}.Debug|Any CPU.Build.0 = Debug|Any CPU
		{D1A314EB-6D75-4973-971F-57A70E6F604D}.Release|Any CPU.ActiveCfg = Release|Any CPU
		{D1A314EB-6D75-4973-971F-57A70E6F604D}.Release|Any CPU.Build.0 = Release|Any CPU
		{8318FFE6-CFF1-4A6C-9EF4-73AB66C9CC19}.Debug|Any CPU.ActiveCfg = Debug|Any CPU
		{8318FFE6-CFF1-4A6C-9EF4-73AB66C9CC19}.Debug|Any CPU.Build.0 = Debug|Any CPU
		{8318FFE6-CFF1-4A6C-9EF4-73AB66C9CC19}.Release|Any CPU.ActiveCfg = Release|Any CPU
		{8318FFE6-CFF1-4A6C-9EF4-73AB66C9CC19}.Release|Any CPU.Build.0 = Release|Any CPU
		{8A3B1C08-3B63-43D9-B804-F17671AF9B2F}.Debug|Any CPU.ActiveCfg = Debug|Any CPU
		{8A3B1C08-3B63-43D9-B804-F17671AF9B2F}.Debug|Any CPU.Build.0 = Debug|Any CPU
		{8A3B1C08-3B63-43D9-B804-F17671AF9B2F}.Release|Any CPU.ActiveCfg = Release|Any CPU
		{8A3B1C08-3B63-43D9-B804-F17671AF9B2F}.Release|Any CPU.Build.0 = Release|Any CPU
		{7334CEE7-22F1-4344-8DF0-3C66BDA598C2}.Debug|Any CPU.ActiveCfg = Debug|Any CPU
		{7334CEE7-22F1-4344-8DF0-3C66BDA598C2}.Debug|Any CPU.Build.0 = Debug|Any CPU
		{7334CEE7-22F1-4344-8DF0-3C66BDA598C2}.Release|Any CPU.ActiveCfg = Release|Any CPU
		{7334CEE7-22F1-4344-8DF0-3C66BDA598C2}.Release|Any CPU.Build.0 = Release|Any CPU
	EndGlobalSection
	GlobalSection(NestedProjects) = preSolution
		{0DAB7706-E9FF-44B5-9B62-F805C44224CE} = {FAE1A0BC-0F55-494F-BBC7-D3A42A2B3AE9}
		{93CCFE7B-E06E-4340-AFB4-51868A7B2F86} = {FAE1A0BC-0F55-494F-BBC7-D3A42A2B3AE9}
		{FB044D27-EC2D-4867-AE4B-2CF9858158E3} = {FAE1A0BC-0F55-494F-BBC7-D3A42A2B3AE9}
		{88408559-B2BF-494A-999F-988C4C96C71D} = {FAE1A0BC-0F55-494F-BBC7-D3A42A2B3AE9}
		{D1A314EB-6D75-4973-971F-57A70E6F604D} = {FAE1A0BC-0F55-494F-BBC7-D3A42A2B3AE9}
		{8318FFE6-CFF1-4A6C-9EF4-73AB66C9CC19} = {FAE1A0BC-0F55-494F-BBC7-D3A42A2B3AE9}
		{8A3B1C08-3B63-43D9-B804-F17671AF9B2F} = {FAE1A0BC-0F55-494F-BBC7-D3A42A2B3AE9}
		{7334CEE7-22F1-4344-8DF0-3C66BDA598C2} = {3A849F85-E343-4B49-88C4-BB0DF48E97C4}
	EndGlobalSection
EndGlobal
